<?xml version="1.0" encoding="utf-8"?>
<Project ToolsVersion="4.0" xmlns="http://schemas.microsoft.com/developer/msbuild/2003">
  <ItemGroup>
    <Filter Include="源文件">
      <UniqueIdentifier>{4FC737F1-C7A5-4376-A066-2A32D752A2FF}</UniqueIdentifier>
      <Extensions>cpp;c;cc;cxx;c++;cppm;ixx;def;odl;idl;hpj;bat;asm;asmx</Extensions>
    </Filter>
    <Filter Include="头文件">
      <UniqueIdentifier>{93995380-89BD-4b04-88EB-625FBE52EBFB}</UniqueIdentifier>
      <Extensions>h;hh;hpp;hxx;h++;hm;inl;inc;ipp;xsd</Extensions>
    </Filter>
    <Filter Include="资源文件">
      <UniqueIdentifier>{67DA6AB6-F800-4c08-8B7A-83BB121AAD01}</UniqueIdentifier>
      <Extensions>rc;ico;cur;bmp;dlg;rc2;rct;bin;rgs;gif;jpg;jpeg;jpe;resx;tiff;tif;png;wav;mfcribbon-ms</Extensions>
    </Filter>
  </ItemGroup>
  <ItemGroup>
    <ClCompile Include="01package.cpp">
      <Filter>源文件</Filter>
    </ClCompile>
    <ClCompile Include="01package_example1.cpp">
      <Filter>源文件</Filter>
    </ClCompile>
    <ClCompile Include="01package_example2.cpp">
      <Filter>源文件</Filter>
    </ClCompile>
    <ClCompile Include="01ex2_Point.cpp">
      <Filter>源文件</Filter>
    </ClCompile>
    <ClCompile Include="01ex2_Circle.h">
      <Filter>头文件</Filter>
    </ClCompile>
    <ClCompile Include="01ex2_Circle.cpp">
      <Filter>源文件</Filter>
    </ClCompile>
    <ClCompile Include="02_1构造函数和析构函数.cpp">
      <Filter>源文件</Filter>
    </ClCompile>
    <ClCompile Include="02_2构造函数的分类及调用.cpp">
      <Filter>源文件</Filter>
    </ClCompile>
    <ClCompile Include="02_3拷贝构造函数的调用时机.cpp">
      <Filter>源文件</Filter>
    </ClCompile>
    <ClCompile Include="02_4构造函数调用规则.cpp">
      <Filter>源文件</Filter>
    </ClCompile>
    <ClCompile Include="02_5深拷贝与浅拷贝.cpp">
      <Filter>源文件</Filter>
    </ClCompile>
    <ClCompile Include="02_6初始化列表.cpp">
      <Filter>源文件</Filter>
    </ClCompile>
    <ClCompile Include="02_7类对象作为类成员.cpp">
      <Filter>源文件</Filter>
    </ClCompile>
    <ClCompile Include="02_8静态成员.cpp">
      <Filter>源文件</Filter>
    </ClCompile>
    <ClCompile Include="03_1成员变量和成员函数的分开储存.cpp">
      <Filter>源文件</Filter>
    </ClCompile>
    <ClCompile Include="03_2this指针.cpp">
      <Filter>源文件</Filter>
    </ClCompile>
    <ClCompile Include="03_3空指针访问成员函数.cpp">
      <Filter>源文件</Filter>
    </ClCompile>
    <ClCompile Include="03_4const修饰成员函数.cpp">
      <Filter>源文件</Filter>
    </ClCompile>
    <ClCompile Include="04友元.cpp">
      <Filter>源文件</Filter>
    </ClCompile>
    <ClCompile Include="05运算符重载.cpp">
      <Filter>源文件</Filter>
    </ClCompile>
    <ClCompile Include="06继承.cpp">
      <Filter>源文件</Filter>
    </ClCompile>
    <ClCompile Include="07多态.cpp">
      <Filter>源文件</Filter>
    </ClCompile>
    <ClCompile Include="08文件操作.cpp">
      <Filter>源文件</Filter>
    </ClCompile>
  </ItemGroup>
  <ItemGroup>
    <ClInclude Include="01ex2_Point.h">
      <Filter>头文件</Filter>
    </ClInclude>
  </ItemGroup>
</Project>